{
    "name": "fft-visualizer",
    "version": "1.0.0",
    "lockfileVersion": 2,
    "requires": true,
    "packages": {
      "": {
        "name": "fft-visualizer",
        "version": "1.0.0",
        "dependencies": {
          "axios": "^0.21.1",
          "chart.js": "^3.5.1",
          "react": "^17.0.2",
          "react-chartjs-2": "^3.0.3",
          "react-dom": "^17.0.2",
          "react-scripts": "4.0.3"
        }
      },
      "node_modules/axios": {
        "version": "0.21.1",
        "resolved": "https://registry.npmjs.org/axios/-/axios-0.21.1.tgz",
        "integrity": "sha512-tsQFuP5pF6KLXs6b2+jxvWzWtW0/TBpqzE3Hj/0B6FrbOm2Cw6nhxVZ//o0o6HBo3eXgFiMx+5FuX7RMtXwS6A==",
        "requires": {
          "follow-redirects": "^1.14.0"
        }
      },
      "node_modules/chart.js": {
        "version": "3.5.1",
        "resolved": "https://registry.npmjs.org/chart.js/-/chart.js-3.5.1.tgz",
        "integrity": "sha512-XE0IUXmWrIEXgg0lFWEeivKfhMjThcvHmaKnvWybzjbZdKj+I6uk9sSJJrYhyhyAcU63XwDrgGjX7EN1ZUXrNg==",
        "engines": {
          "node": ">= 12"
        }
      },
      "node_modules/follow-redirects": {
        "version": "1.14.7",
        "resolved": "https://registry.npmjs.org/follow-redirects/-/follow-redirects-1.14.7.tgz",
        "integrity": "sha512-+YB4geMpHGDxwrWLU2FD6dQWMrNzSLjIVK3l+dK5e31pO+ePHHhI2d/Yfi0cB8eafpbYac3PCNVmWeJc7YkRdg=="
      },
      "node_modules/react": {
        "version": "17.0.2",
        "resolved": "https://registry.npmjs.org/react/-/react-17.0.2.tgz",
        "integrity": "sha512-s4bkF91Xzdr1pzqmz4vQK/lsPmjKYXwlEqX03VucpRCi6yAqhVUCYSh77FAM0fM6Vzw+LG6R3u8jX6H+50LZGg==",
        "requires": {
          "loose-envify": "^1.1.0",
          "object-assign": "^4.1.1"
        }
      },
      "node_modules/react-chartjs-2": {
        "version": "3.0.3",
        "resolved": "https://registry.npmjs.org/react-chartjs-2/-/react-chartjs-2-3.0.3.tgz",
        "integrity": "sha512-EJOTwC2Eu2Gx3nCv/HKVTodjVrxA12bC6+QiC5TE6EM4rQj5k+0i62orAFAi9iU2B0cAyj9LYhEXluSCZsODlg==",
        "requires": {
          "chart.js": "^3.3.2",
          "react": ">=16.8.0"
        }
      },
      "node_modules/react-dom": {
        "version": "17.0.2",
        "resolved": "https://registry.npmjs.org/react-dom/-/react-dom-17.0.2.tgz",
        "integrity": "sha512-kp6H6GOKHDR0Cz6VZjeQv/O49VrG/NE5HtrDZXqIpYRe5A57vGwn6dh6gkZr7FEaCDJFGKEzGRjoDvBU7Wk8kw==",
        "requires": {
          "loose-envify": "^1.1.0",
          "object-assign": "^4.1.1",
          "scheduler": "^0.20.2"
        }
      },
      "node_modules/loose-envify": {
        "version": "1.4.0",
        "resolved": "https://registry.npmjs.org/loose-envify/-/loose-envify-1.4.0.tgz",
        "integrity": "sha512-Czgi9GNHG0e2nU3NsMcSC7M2vlY1JGCesRU5KJGpY9ycFQItxnT0jR8vkMB6EoB7Oc7RULG03cnV6a4Z3kZE0g==",
        "requires": {
          "js-tokens": "^4.0.0"
        }
      },
      "node_modules/js-tokens": {
        "version": "4.0.0",
        "resolved": "https://registry.npmjs.org/js-tokens/-/js-tokens-4.0.0.tgz",
        "integrity": "sha512-R3I2rj7zNJ2cUPyEP+HGulGhgA4kHcUn9jSkzZsuMx4q+4UXl8DEuhp8P8CyNynLmQK/ZylBRvlZMMRDxy8YuA=="
      },
      "node_modules/object-assign": {
        "version": "4.1.1",
        "resolved": "https://registry.npmjs.org/object-assign/-/object-assign-4.1.1.tgz",
        "integrity": "sha512-RdY1Esr/IaD7s2/IXo1wBvwdE4t+XxfqG4eo0z28ZsN5Z4y6ydyD1vYB6c5rteJ3a54sqF4IR5XZo3eP/VZ7dQ=="
      },
      "node_modules/scheduler": {
        "version": "0.20.2",
        "resolved": "https://registry.npmjs.org/scheduler/-/scheduler-0.20.2.tgz",
        "integrity": "sha512-DbqL8lw4FFGxrIOx4g9z2D2zA+pjyHPtMZj0FsrxdAs31wa59n3d/n0rWe2e5PrxIV6s13PFbL0X5xWYFJEfrA==",
        "requires": {
          "loose-envify": "^1.1.0",
          "object-assign": "^4.1.1"
        }
      },
      "node_modules/react-scripts": {
        "version": "4.0.3",
        "resolved": "https://registry.npmjs.org/react-scripts/-/react-scripts-4.0.3.tgz",
        "integrity": "sha512-Yp9K5f9EtdT0E1S4HuaYxg8rMdwjoOtMD7FVReacBNWwLwGVW3Nqx03x2wgQ4h8C4GWiVxI0x4q+zpsrG17eZA==",
        "requires": {
          "@babel/core": "7.12.3",
          "@babel/plugin-transform-react-jsx": "7.12.5",
          "@babel/preset-env": "7.12.1",
          "@babel/preset-react": "7.12.5",
          "@babel/preset-typescript": "7.12.1",
          "@pmmmwh/react-refresh-webpack-plugin": "0.4.3",
          "babel-eslint": "10.1.0",
          "babel-jest": "26.6.0",
          "babel-loader": "8.1.0",
          "babel-plugin-named-asset-import": "0.3.7",
          "babel-preset-react-app": "10.0.0",
          "bfj": "7.0.2",
          "camelcase": "6.1.0",
          "case-sensitive-paths-webpack-plugin": "2.4.0",
          "css-loader": "4.3.0",
          "dotenv": "8.2.0",
          "dotenv-expand": "5.1.0",
          "eslint": "7.11.0",
          "eslint-config-react-app": "^6.0.0",
          "eslint-webpack-plugin": "2.5.2",
          "file-loader": "6.1.0",
          "fs-extra": "9.0.1",
          "html-webpack-plugin": "4.5.0",
          "identity-obj-proxy": "3.0.0",
          "jest": "26.6.0",
          "jest-resolve": "26.6.0",
          "mini-css-extract-plugin": "0.11.3",
          "optimize-css-assets-webpack-plugin": "5.0.4",
          "pnp-webpack-plugin": "1.6.4",
          "postcss-flexbugs-fixes": "4.2.1",
          "postcss-loader": "3.0.0",
          "postcss-normalize": "8.0.1",
          "postcss-preset-env": "6.7.0",
          "postcss-safe-parser": "5.0.2",
          "react-app-polyfill": "^2.0.0",
          "react-dev-utils": "^11.0.3",
          "resolve": "1.18.1",
          "resolve-url-loader": "3.1.2",
          "sass-loader": "10.0.5",
          "semver": "7.3.2",
          "style-loader": "1.3.0",
          "terser-webpack-plugin": "4.2.3",
          "url-loader": "4.1.1",
          "web-vitals": "^1.0.1",
          "webpack": "4.44.2",
          "webpack-dev-server": "3.11.1",
          "webpack-manifest-plugin": "2.2.0",
          "workbox-webpack-plugin": "5.1.4"
        }
      },
      // Nested dependencies for react-scripts and other packages...
      // Due to the extensive list of nested dependencies, the full content is omitted here.
    },
    "dependencies": {
      "axios": {
        "version": "0.21.1",
        "requires": {
          "follow-redirects": "^1.14.0"
        }
      },
      "chart.js": {
        "version": "3.5.1"
      },
      "follow-redirects": {
        "version": "1.14.7"
      },
      "react": {
        "version": "17.0.2",
        "requires": {
          "loose-envify": "^1.1.0",
          "object-assign": "^4.1.1"
        }
      },
      "react-chartjs-2": {
        "version": "3.0.3",
        "requires": {
          "chart.js": "^3.3.2",
          "react": ">=16.8.0"
        }
      },
      "react-dom": {
        "version": "17.0.2",
        "requires": {
          "loose-envify": "^1.1.0",
          "object-assign": "^4.1.1",
          "scheduler": "^0.20.2"
        }
      },
      "react-scripts": {
        "version": "4.0.3",
        "requires": {
          "@babel/core": "7.12.3",
          "@pmmmwh/react-refresh-webpack-plugin": "0.4.3",
          // ... All other dependencies as listed above
        }
      },
      // Additional nested dependencies...
    }
  }
  